
Microsoft Visual Studio Solution File, Format Version 12.00
# Visual Studio 15
VisualStudioVersion = 15.0.27428.2043
MinimumVisualStudioVersion = 10.0.40219.1
Project("{FAE04EC0-301F-11D3-BF4B-00C04F79EFBC}") = "MvcMovie", "MvcMovie\MvcMovie.csproj", "{946D1A60-A1BC-40ED-93AA-15AD9A64EB0B}"
EndProject
Global
	GlobalSection(SolutionConfigurationPlatforms) = preSolution
		Debug|Any CPU = Debug|Any CPU
		Release|Any CPU = Release|Any CPU
	EndGlobalSection
	GlobalSection(ProjectConfigurationPlatforms) = postSolution
		{946D1A60-A1BC-40ED-93AA-15AD9A64EB0B}.Debug|Any CPU.ActiveCfg = Debug|Any CPU
		{946D1A60-A1BC-40ED-93AA-15AD9A64EB0B}.Debug|Any CPU.Build.0 = Debug|Any CPU
		{946D1A60-A1BC-40ED-93AA-15AD9A64EB0B}.Release|Any CPU.ActiveCfg = Release|Any CPU
		{946D1A60-A1BC-40ED-93AA-15AD9A64EB0B}.Release|Any CPU.Build.0 = Release|Any CPU
	EndGlobalSection
	GlobalSection(SolutionProperties) = preSolution
		HideSolutionNode = FALSE
	EndGlobalSection
	GlobalSection(ExtensibilityGlobals) = postSolution
		SolutionGuid = {EA1A0D05-EC84-4849-9B82-EE9F3A366AEE}
	EndGlobalSection
EndGlobal
